version: v1.4.3
dependencies:
  - name: cert-manager
    repository: https://charts.jetstack.io
    version: v1.20.1
  - name: eoapi
    repository: https://devseed.com/eoapi-k8s/
    version: 0.12.2
  - name: ingress-nginx
    repository: https://kubernetes.github.io/ingress-nginx
    version: 4.15.1
  - name: knative-operator
    repository: https://knative.github.io/operator
    version: v1.17.8
  - name: minio
    repository: https://charts.min.io/
    version: 5.4.0
  - name: mlflow
    repository: https://community-charts.github.io/helm-charts
    version: 1.8.1
  - name: zenml
    repository: oci://public.ecr.aws/zenml
    version: 0.94.2
digest: sha256:d34347b83e938005c52ab154d02e6133ca14e3195b8fb7421030c5fda35a632e
generated: "2026-05-18T15:34:19.110417+02:00"
